
Microsoft Visual Studio Solution File, Format Version 12.00
# Visual Studio Version 16
VisualStudioVersion = 16.0.31515.178
MinimumVisualStudioVersion = 10.0.40219.1
Project("{9A19103F-16F7-4668-BE54-9A1E7A4F7556}") = "Store", "Store\Store.csproj", "{D6A34FBC-02EE-4D95-A9EB-DF4348072DDB}"
EndProject
Project("{9A19103F-16F7-4668-BE54-9A1E7A4F7556}") = "Store.Infrastructure", "Store.Infrastructure\Store.Infrastructure.csproj", "{61A76197-01FB-4169-B5A9-9963CDBC7EED}"
EndProject
Project("{9A19103F-16F7-4668-BE54-9A1E7A4F7556}") = "Store.Core", "Store.Core\Store.Core.csproj", "{168B29A9-187B-415E-9057-8EA8340AE9DF}"
EndProject
Project("{9A19103F-16F7-4668-BE54-9A1E7A4F7556}") = "Store.Application", "Store.Application\Store.Application.csproj", "{FFB8BC22-5CA5-4ECE-BC54-B82DEB3A54B5}"
EndProject
Project("{2150E333-8FDC-42A3-9474-1A3956D46DE8}") = "Solution Items", "Solution Items", "{52BF850F-3FB8-4117-B0E0-7ED4F3EB615F}"
	ProjectSection(SolutionItems) = preProject
		Dockerfile = Dockerfile
	EndProjectSection
EndProject
Project("{FAE04EC0-301F-11D3-BF4B-00C04F79EFBC}") = "DataWarehouse.API", "DataWarehouse.API\DataWarehouse.API.csproj", "{CD80944A-9B61-49F6-8682-1D5794B50C3C}"
EndProject
Project("{FAE04EC0-301F-11D3-BF4B-00C04F79EFBC}") = "LoggerService", "LoggerService\LoggerService.csproj", "{5458924B-F0B4-4669-A0D2-05C4FC9E4297}"
EndProject
Global
	GlobalSection(SolutionConfigurationPlatforms) = preSolution
		Debug|Any CPU = Debug|Any CPU
		Release|Any CPU = Release|Any CPU
	EndGlobalSection
	GlobalSection(ProjectConfigurationPlatforms) = postSolution
		{D6A34FBC-02EE-4D95-A9EB-DF4348072DDB}.Debug|Any CPU.ActiveCfg = Debug|Any CPU
		{D6A34FBC-02EE-4D95-A9EB-DF4348072DDB}.Debug|Any CPU.Build.0 = Debug|Any CPU
		{D6A34FBC-02EE-4D95-A9EB-DF4348072DDB}.Release|Any CPU.ActiveCfg = Release|Any CPU
		{D6A34FBC-02EE-4D95-A9EB-DF4348072DDB}.Release|Any CPU.Build.0 = Release|Any CPU
		{61A76197-01FB-4169-B5A9-9963CDBC7EED}.Debug|Any CPU.ActiveCfg = Debug|Any CPU
		{61A76197-01FB-4169-B5A9-9963CDBC7EED}.Debug|Any CPU.Build.0 = Debug|Any CPU
		{61A76197-01FB-4169-B5A9-9963CDBC7EED}.Release|Any CPU.ActiveCfg = Release|Any CPU
		{61A76197-01FB-4169-B5A9-9963CDBC7EED}.Release|Any CPU.Build.0 = Release|Any CPU
		{168B29A9-187B-415E-9057-8EA8340AE9DF}.Debug|Any CPU.ActiveCfg = Debug|Any CPU
		{168B29A9-187B-415E-9057-8EA8340AE9DF}.Debug|Any CPU.Build.0 = Debug|Any CPU
		{168B29A9-187B-415E-9057-8EA8340AE9DF}.Release|Any CPU.ActiveCfg = Release|Any CPU
		{168B29A9-187B-415E-9057-8EA8340AE9DF}.Release|Any CPU.Build.0 = Release|Any CPU
		{FFB8BC22-5CA5-4ECE-BC54-B82DEB3A54B5}.Debug|Any CPU.ActiveCfg = Debug|Any CPU
		{FFB8BC22-5CA5-4ECE-BC54-B82DEB3A54B5}.Debug|Any CPU.Build.0 = Debug|Any CPU
		{FFB8BC22-5CA5-4ECE-BC54-B82DEB3A54B5}.Release|Any CPU.ActiveCfg = Release|Any CPU
		{FFB8BC22-5CA5-4ECE-BC54-B82DEB3A54B5}.Release|Any CPU.Build.0 = Release|Any CPU
		{CD80944A-9B61-49F6-8682-1D5794B50C3C}.Debug|Any CPU.ActiveCfg = Debug|Any CPU
		{CD80944A-9B61-49F6-8682-1D5794B50C3C}.Debug|Any CPU.Build.0 = Debug|Any CPU
		{CD80944A-9B61-49F6-8682-1D5794B50C3C}.Release|Any CPU.ActiveCfg = Release|Any CPU
		{CD80944A-9B61-49F6-8682-1D5794B50C3C}.Release|Any CPU.Build.0 = Release|Any CPU
		{5458924B-F0B4-4669-A0D2-05C4FC9E4297}.Debug|Any CPU.ActiveCfg = Debug|Any CPU
		{5458924B-F0B4-4669-A0D2-05C4FC9E4297}.Debug|Any CPU.Build.0 = Debug|Any CPU
		{5458924B-F0B4-4669-A0D2-05C4FC9E4297}.Release|Any CPU.ActiveCfg = Release|Any CPU
		{5458924B-F0B4-4669-A0D2-05C4FC9E4297}.Release|Any CPU.Build.0 = Release|Any CPU
	EndGlobalSection
	GlobalSection(SolutionProperties) = preSolution
		HideSolutionNode = FALSE
	EndGlobalSection
	GlobalSection(ExtensibilityGlobals) = postSolution
		SolutionGuid = {DAA5C36D-831C-4150-9599-6F040BA0853B}
	EndGlobalSection
EndGlobal
